// !$*UTF8*$!
{
	archiveVersion = 1;
	classes = {
	};
	objectVersion = 56;
	objects = {

/* Begin PBXBuildFile section */
		8A679A332E04D1FF00B9CD68 /* OpenAISwift in Frameworks */ = {isa = PBXBuildFile; productRef = 8A679A322E04D1FF00B9CD68 /* OpenAISwift */; };
		8A679A362E04EAF100B9CD68 /* Alamofire in Frameworks */ = {isa = PBXBuildFile; productRef = 8A679A352E04EAF100B9CD68 /* Alamofire */; };
		8A679A3A2E04F09F00B9CD68 /* Alamofire in Frameworks */ = {isa = PBXBuildFile; productRef = 8A679A392E04F09F00B9CD68 /* Alamofire */; };
		8A8F03162DEA0D2800912D0F /* LaunchScreen.storyboard in Resources */ = {isa = PBXBuildFile; fileRef = FA001001234567890000001D /* LaunchScreen.storyboard */; };
		8A9177EF2E216B8F0052174B /* OpenAISwift in Frameworks */ = {isa = PBXBuildFile; productRef = 8A9177EE2E216B8F0052174B /* OpenAISwift */; };
		FA001001234567890000000C /* SceneDelegate.swift in Sources */ = {isa = PBXBuildFile; fileRef = FA001001234567890000000D /* SceneDelegate.swift */; };
		FA001001234567890000000E /* MainViewController.swift in Sources */ = {isa = PBXBuildFile; fileRef = FA001001234567890000000F /* MainViewController.swift */; };
		FA001001234567890000001A /* Assets.xcassets in Resources */ = {isa = PBXBuildFile; fileRef = FA001001234567890000001B /* Assets.xcassets */; };
		FA001001234567890000005A /* Models.swift in Sources */ = {isa = PBXBuildFile; fileRef = FA001001234567890000005B /* Models.swift */; };
		FA001001234567890000006A /* BLEController.swift in Sources */ = {isa = PBXBuildFile; fileRef = FA001001234567890000006B /* BLEController.swift */; };
		FA001001234567890000008A /* HapticLibrary.swift in Sources */ = {isa = PBXBuildFile; fileRef = FA001001234567890000008B /* HapticLibrary.swift */; };
		FA001001234567890000009A /* HapticContentSelectionView.swift in Sources */ = {isa = PBXBuildFile; fileRef = FA001001234567890000009B /* HapticContentSelectionView.swift */; };
		FA00100123456789000000AA /* AppDelegate.swift in Sources */ = {isa = PBXBuildFile; fileRef = FA001001234567890000000B /* AppDelegate.swift */; };
		FA00100123456789000000BA /* PDFAnalysisModels.swift in Sources */ = {isa = PBXBuildFile; fileRef = FA00100123456789000000BB /* PDFAnalysisModels.swift */; };
		FA00100123456789000000CA /* PDFContentExtractor.swift in Sources */ = {isa = PBXBuildFile; fileRef = FA00100123456789000000CB /* PDFContentExtractor.swift */; };
		FA00100123456789000000DA /* GPTEmotionAnalyzer.swift in Sources */ = {isa = PBXBuildFile; fileRef = FA00100123456789000000DB /* GPTEmotionAnalyzer.swift */; };
		FA00100123456789000000EA /* PDFAnalysisManager.swift in Sources */ = {isa = PBXBuildFile; fileRef = FA00100123456789000000EB /* PDFAnalysisManager.swift */; };
		FA00100123456789000000FA /* APIKey.swift in Sources */ = {isa = PBXBuildFile; fileRef = FA00100123456789000000FB /* APIKey.swift */; };
		FA001001234567890000010A /* GranularityTestViewController.swift in Sources */ = {isa = PBXBuildFile; fileRef = FA001001234567890000010B /* GranularityTestViewController.swift */; };
/* End PBXBuildFile section */

/* Begin PBXFileReference section */
		FA001001234567890000000B /* AppDelegate.swift */ = {isa = PBXFileReference; lastKnownFileType = sourcecode.swift; path = AppDelegate.swift; sourceTree = "<group>"; };
		FA001001234567890000000D /* SceneDelegate.swift */ = {isa = PBXFileReference; lastKnownFileType = sourcecode.swift; path = SceneDelegate.swift; sourceTree = "<group>"; };
		FA001001234567890000000F /* MainViewController.swift */ = {isa = PBXFileReference; lastKnownFileType = sourcecode.swift; path = MainViewController.swift; sourceTree = "<group>"; };
		FA001001234567890000001B /* Assets.xcassets */ = {isa = PBXFileReference; lastKnownFileType = folder.assetcatalog; path = Assets.xcassets; sourceTree = "<group>"; };
		FA001001234567890000001D /* LaunchScreen.storyboard */ = {isa = PBXFileReference; lastKnownFileType = file.storyboard; path = LaunchScreen.storyboard; sourceTree = "<group>"; };
		FA001001234567890000001E /* Info.plist */ = {isa = PBXFileReference; lastKnownFileType = text.plist.xml; path = Info.plist; sourceTree = "<group>"; };
		FA001001234567890000001F /* HapticContentReader.app */ = {isa = PBXFileReference; explicitFileType = wrapper.application; includeInIndex = 0; path = HapticContentReader.app; sourceTree = BUILT_PRODUCTS_DIR; };
		FA001001234567890000005B /* Models.swift */ = {isa = PBXFileReference; lastKnownFileType = sourcecode.swift; path = Models.swift; sourceTree = "<group>"; };
		FA001001234567890000006B /* BLEController.swift */ = {isa = PBXFileReference; lastKnownFileType = sourcecode.swift; path = BLEController.swift; sourceTree = "<group>"; };
		FA001001234567890000008B /* HapticLibrary.swift */ = {isa = PBXFileReference; lastKnownFileType = sourcecode.swift; path = HapticLibrary.swift; sourceTree = "<group>"; };
		FA001001234567890000009B /* HapticContentSelectionView.swift */ = {isa = PBXFileReference; lastKnownFileType = sourcecode.swift; path = HapticContentSelectionView.swift; sourceTree = "<group>"; };
		FA00100123456789000000BB /* PDFAnalysisModels.swift */ = {isa = PBXFileReference; lastKnownFileType = sourcecode.swift; path = PDFAnalysisModels.swift; sourceTree = "<group>"; };
		FA00100123456789000000CB /* PDFContentExtractor.swift */ = {isa = PBXFileReference; lastKnownFileType = sourcecode.swift; path = PDFContentExtractor.swift; sourceTree = "<group>"; };
		FA00100123456789000000DB /* GPTEmotionAnalyzer.swift */ = {isa = PBXFileReference; lastKnownFileType = sourcecode.swift; path = GPTEmotionAnalyzer.swift; sourceTree = "<group>"; };
		FA00100123456789000000EB /* PDFAnalysisManager.swift */ = {isa = PBXFileReference; lastKnownFileType = sourcecode.swift; path = PDFAnalysisManager.swift; sourceTree = "<group>"; };
		FA00100123456789000000FB /* APIKey.swift */ = {isa = PBXFileReference; lastKnownFileType = sourcecode.swift; path = APIKey.swift; sourceTree = "<group>"; };
		FA001001234567890000010B /* GranularityTestViewController.swift */ = {isa = PBXFileReference; lastKnownFileType = sourcecode.swift; path = GranularityTestViewController.swift; sourceTree = "<group>"; };
/* End PBXFileReference section */

/* Begin PBXFrameworksBuildPhase section */
		FA001001234567890000002A /* Frameworks */ = {
			isa = PBXFrameworksBuildPhase;
			buildActionMask = 2147483647;
			files = (
				8A9177EF2E216B8F0052174B /* OpenAISwift in Frameworks */,
				8A679A3A2E04F09F00B9CD68 /* Alamofire in Frameworks */,
				8A679A332E04D1FF00B9CD68 /* OpenAISwift in Frameworks */,
				8A679A362E04EAF100B9CD68 /* Alamofire in Frameworks */,
			);
			runOnlyForDeploymentPostprocessing = 0;
		};
/* End PBXFrameworksBuildPhase section */

/* Begin PBXGroup section */
		FA001001234567890000002B /* HapticContentReader */ = {
			isa = PBXGroup;
			children = (
				FA001001234567890000000B /* AppDelegate.swift */,
				FA001001234567890000000D /* SceneDelegate.swift */,
				FA001001234567890000000F /* MainViewController.swift */,
				FA001001234567890000005B /* Models.swift */,
				FA001001234567890000006B /* BLEController.swift */,
				FA001001234567890000008B /* HapticLibrary.swift */,
				FA001001234567890000009B /* HapticContentSelectionView.swift */,
				FA00100123456789000000BB /* PDFAnalysisModels.swift */,
				FA00100123456789000000CB /* PDFContentExtractor.swift */,
				FA00100123456789000000DB /* GPTEmotionAnalyzer.swift */,
				FA00100123456789000000EB /* PDFAnalysisManager.swift */,
				FA00100123456789000000FB /* APIKey.swift */,
				FA001001234567890000010B /* GranularityTestViewController.swift */,
				FA001001234567890000001B /* Assets.xcassets */,
				FA001001234567890000001D /* LaunchScreen.storyboard */,
				FA001001234567890000001E /* Info.plist */,
			);
			sourceTree = "<group>";
		};
		FA001001234567890000002C /* Products */ = {
			isa = PBXGroup;
			children = (
				FA001001234567890000001F /* HapticContentReader.app */,
			);
			name = Products;
			sourceTree = "<group>";
		};
		FA001001234567890000002D = {
			isa = PBXGroup;
			children = (
				FA001001234567890000002B /* HapticContentReader */,
				FA001001234567890000002C /* Products */,
			);
			sourceTree = "<group>";
		};
/* End PBXGroup section */

/* Begin PBXNativeTarget section */
		FA001001234567890000002E /* HapticContentReader */ = {
			isa = PBXNativeTarget;
			buildConfigurationList = FA001001234567890000002F /* Build configuration list for PBXNativeTarget "HapticContentReader" */;
			buildPhases = (
				FA001001234567890000003A /* Sources */,
				FA001001234567890000002A /* Frameworks */,
				FA001001234567890000003B /* Resources */,
			);
			buildRules = (
			);
			dependencies = (
			);
			name = HapticContentReader;
			productName = HapticContentReader;
			productReference = FA001001234567890000001F /* HapticContentReader.app */;
			productType = "com.apple.product-type.application";
		};
/* End PBXNativeTarget section */

/* Begin PBXProject section */
		FA001001234567890000003C /* Project object */ = {
			isa = PBXProject;
			attributes = {
				BuildIndependentTargetsInParallel = 1;
				LastSwiftUpdateCheck = 1500;
				LastUpgradeCheck = 1500;
				TargetAttributes = {
					FA001001234567890000002E = {
						CreatedOnToolsVersion = 15.0;
					};
				};
			};
			buildConfigurationList = FA001001234567890000003D /* Build configuration list for PBXProject "HapticContentReader" */;
			compatibilityVersion = "Xcode 14.0";
			developmentRegion = en;
			hasScannedForEncodings = 0;
			knownRegions = (
				en,
				Base,
			);
			mainGroup = FA001001234567890000002D;
			packageReferences = (
				8A679A312E04D1FF00B9CD68 /* XCRemoteSwiftPackageReference "OpenAI" */,
				8A679A342E04EAF100B9CD68 /* XCRemoteSwiftPackageReference "Alamofire" */,
				8A9177ED2E216B8F0052174B /* XCRemoteSwiftPackageReference "OpenAISwift" */,
			);
			productRefGroup = FA001001234567890000002C /* Products */;
			projectDirPath = "";
			projectRoot = "";
			targets = (
				FA001001234567890000002E /* HapticContentReader */,
			);
		};
/* End PBXProject section */

/* Begin PBXResourcesBuildPhase section */
		FA001001234567890000003B /* Resources */ = {
			isa = PBXResourcesBuildPhase;
			buildActionMask = 2147483647;
			files = (
				8A8F03162DEA0D2800912D0F /* LaunchScreen.storyboard in Resources */,
				FA001001234567890000001A /* Assets.xcassets in Resources */,
			);
			runOnlyForDeploymentPostprocessing = 0;
		};
/* End PBXResourcesBuildPhase section */

/* Begin PBXSourcesBuildPhase section */
		FA001001234567890000003A /* Sources */ = {
			isa = PBXSourcesBuildPhase;
			buildActionMask = 2147483647;
			files = (
				FA001001234567890000000E /* MainViewController.swift in Sources */,
				FA001001234567890000000C /* SceneDelegate.swift in Sources */,
				FA00100123456789000000AA /* AppDelegate.swift in Sources */,
				FA001001234567890000005A /* Models.swift in Sources */,
				FA001001234567890000006A /* BLEController.swift in Sources */,
				FA001001234567890000008A /* HapticLibrary.swift in Sources */,
				FA001001234567890000009A /* HapticContentSelectionView.swift in Sources */,
				FA00100123456789000000BA /* PDFAnalysisModels.swift in Sources */,
				FA00100123456789000000CA /* PDFContentExtractor.swift in Sources */,
				FA00100123456789000000DA /* GPTEmotionAnalyzer.swift in Sources */,
				FA00100123456789000000EA /* PDFAnalysisManager.swift in Sources */,
				FA00100123456789000000FA /* APIKey.swift in Sources */,
				FA001001234567890000010A /* GranularityTestViewController.swift in Sources */,
			);
			runOnlyForDeploymentPostprocessing = 0;
		};
/* End PBXSourcesBuildPhase section */

/* Begin XCBuildConfiguration section */
		FA001001234567890000003E /* Debug */ = {
			isa = XCBuildConfiguration;
			buildSettings = {
				ALWAYS_SEARCH_USER_PATHS = NO;
				ASSETCATALOG_COMPILER_GENERATE_SWIFT_ASSET_SYMBOL_EXTENSIONS = YES;
				CLANG_ANALYZER_NONNULL = YES;
				CLANG_ANALYZER_NUMBER_OBJECT_CONVERSION = YES_AGGRESSIVE;
				CLANG_CXX_LANGUAGE_STANDARD = "gnu++20";
				CLANG_ENABLE_MODULES = YES;
				CLANG_ENABLE_OBJC_ARC = YES;
				CLANG_ENABLE_OBJC_WEAK = YES;
				CLANG_WARN_BLOCK_CAPTURE_AUTORELEASING = YES;
				CLANG_WARN_BOOL_CONVERSION = YES;
				CLANG_WARN_COMMA = YES;
				CLANG_WARN_CONSTANT_CONVERSION = YES;
				CLANG_WARN_DEPRECATED_OBJC_IMPLEMENTATIONS = YES;
				CLANG_WARN_DIRECT_OBJC_ISA_USAGE = YES_ERROR;
				CLANG_WARN_DOCUMENTATION_COMMENTS = YES;
				CLANG_WARN_EMPTY_BODY = YES;
				CLANG_WARN_ENUM_CONVERSION = YES;
				CLANG_WARN_INFINITE_RECURSION = YES;
				CLANG_WARN_INT_CONVERSION = YES;
				CLANG_WARN_NON_LITERAL_NULL_CONVERSION = YES;
				CLANG_WARN_OBJC_IMPLICIT_RETAIN_SELF = YES;
				CLANG_WARN_OBJC_LITERAL_CONVERSION = YES;
				CLANG_WARN_OBJC_ROOT_CLASS = YES_ERROR;
				CLANG_WARN_QUOTED_INCLUDE_IN_FRAMEWORK_HEADER = YES;
				CLANG_WARN_RANGE_LOOP_ANALYSIS = YES;
				CLANG_WARN_STRICT_PROTOTYPES = YES;
				CLANG_WARN_SUSPICIOUS_MOVE = YES;
				CLANG_WARN_UNGUARDED_AVAILABILITY = YES_AGGRESSIVE;
				CLANG_WARN_UNREACHABLE_CODE = YES;
				CLANG_WARN__DUPLICATE_METHOD_MATCH = YES;
				COPY_PHASE_STRIP = NO;
				DEBUG_INFORMATION_FORMAT = dwarf;
				ENABLE_STRICT_OBJC_MSGSEND = YES;
				ENABLE_TESTABILITY = YES;
				ENABLE_USER_SCRIPT_SANDBOXING = YES;
				GCC_C_LANGUAGE_STANDARD = gnu17;
				GCC_DYNAMIC_NO_PIC = NO;
				GCC_NO_COMMON_BLOCKS = YES;
				GCC_OPTIMIZATION_LEVEL = 0;
				GCC_PREPROCESSOR_DEFINITIONS = (
					"DEBUG=1",
					"$(inherited)",
				);
				GCC_WARN_64_TO_32_BIT_CONVERSION = YES;
				GCC_WARN_ABOUT_RETURN_TYPE = YES_ERROR;
				GCC_WARN_UNDECLARED_SELECTOR = YES;
				GCC_WARN_UNINITIALIZED_AUTOS = YES_AGGRESSIVE;
				GCC_WARN_UNUSED_FUNCTION = YES;
				GCC_WARN_UNUSED_VARIABLE = YES;
				IPHONEOS_DEPLOYMENT_TARGET = 17.0;
				LOCALIZATION_PREFERS_STRING_CATALOGS = YES;
				MTL_ENABLE_DEBUG_INFO = INCLUDE_SOURCE;
				MTL_FAST_MATH = YES;
				ONLY_ACTIVE_ARCH = YES;
				SDKROOT = iphoneos;
				SWIFT_ACTIVE_COMPILATION_CONDITIONS = "DEBUG $(inherited)";
				SWIFT_OPTIMIZATION_LEVEL = "-Onone";
			};
			name = Debug;
		};
		FA001001234567890000003F /* Release */ = {
			isa = XCBuildConfiguration;
			buildSettings = {
				ALWAYS_SEARCH_USER_PATHS = NO;
				ASSETCATALOG_COMPILER_GENERATE_SWIFT_ASSET_SYMBOL_EXTENSIONS = YES;
				CLANG_ANALYZER_NONNULL = YES;
				CLANG_ANALYZER_NUMBER_OBJECT_CONVERSION = YES_AGGRESSIVE;
				CLANG_CXX_LANGUAGE_STANDARD = "gnu++20";
				CLANG_ENABLE_MODULES = YES;
				CLANG_ENABLE_OBJC_ARC = YES;
				CLANG_ENABLE_OBJC_WEAK = YES;
				CLANG_WARN_BLOCK_CAPTURE_AUTORELEASING = YES;
				CLANG_WARN_BOOL_CONVERSION = YES;
				CLANG_WARN_COMMA = YES;
				CLANG_WARN_CONSTANT_CONVERSION = YES;
				CLANG_WARN_DEPRECATED_OBJC_IMPLEMENTATIONS = YES;
				CLANG_WARN_DIRECT_OBJC_ISA_USAGE = YES_ERROR;
				CLANG_WARN_DOCUMENTATION_COMMENTS = YES;
				CLANG_WARN_EMPTY_BODY = YES;
				CLANG_WARN_ENUM_CONVERSION = YES;
				CLANG_WARN_INFINITE_RECURSION = YES;
				CLANG_WARN_INT_CONVERSION = YES;
				CLANG_WARN_NON_LITERAL_NULL_CONVERSION = YES;
				CLANG_WARN_OBJC_IMPLICIT_RETAIN_SELF = YES;
				CLANG_WARN_OBJC_LITERAL_CONVERSION = YES;
				CLANG_WARN_OBJC_ROOT_CLASS = YES_ERROR;
				CLANG_WARN_QUOTED_INCLUDE_IN_FRAMEWORK_HEADER = YES;
				CLANG_WARN_RANGE_LOOP_ANALYSIS = YES;
				CLANG_WARN_STRICT_PROTOTYPES = YES;
				CLANG_WARN_SUSPICIOUS_MOVE = YES;
				CLANG_WARN_UNGUARDED_AVAILABILITY = YES_AGGRESSIVE;
				CLANG_WARN_UNREACHABLE_CODE = YES;
				CLANG_WARN__DUPLICATE_METHOD_MATCH = YES;
				COPY_PHASE_STRIP = NO;
				DEBUG_INFORMATION_FORMAT = "dwarf-with-dsym";
				ENABLE_NS_ASSERTIONS = NO;
				ENABLE_STRICT_OBJC_MSGSEND = YES;
				ENABLE_USER_SCRIPT_SANDBOXING = YES;
				GCC_C_LANGUAGE_STANDARD = gnu17;
				GCC_NO_COMMON_BLOCKS = YES;
				GCC_WARN_64_TO_32_BIT_CONVERSION = YES;
				GCC_WARN_ABOUT_RETURN_TYPE = YES_ERROR;
				GCC_WARN_UNDECLARED_SELECTOR = YES;
				GCC_WARN_UNINITIALIZED_AUTOS = YES_AGGRESSIVE;
				GCC_WARN_UNUSED_FUNCTION = YES;
				GCC_WARN_UNUSED_VARIABLE = YES;
				IPHONEOS_DEPLOYMENT_TARGET = 17.0;
				LOCALIZATION_PREFERS_STRING_CATALOGS = YES;
				MTL_ENABLE_DEBUG_INFO = NO;
				MTL_FAST_MATH = YES;
				SDKROOT = iphoneos;
				SWIFT_COMPILATION_MODE = wholemodule;
				VALIDATE_PRODUCT = YES;
			};
			name = Release;
		};
		FA0010012345678900000040 /* Debug */ = {
			isa = XCBuildConfiguration;
			buildSettings = {
				ASSETCATALOG_COMPILER_APPICON_NAME = AppIcon;
				ASSETCATALOG_COMPILER_GLOBAL_ACCENT_COLOR_NAME = AccentColor;
				CODE_SIGN_STYLE = Automatic;
				CURRENT_PROJECT_VERSION = 1;
				DEVELOPMENT_TEAM = RDP29X8YF2;
				GENERATE_INFOPLIST_FILE = YES;
				INFOPLIST_FILE = Info.plist;
				INFOPLIST_KEY_UIApplicationSupportsIndirectInputEvents = YES;
				INFOPLIST_KEY_UILaunchStoryboardName = LaunchScreen;
				INFOPLIST_KEY_UIMainStoryboardFile = "";
				INFOPLIST_KEY_UISupportedInterfaceOrientations_iPad = "UIInterfaceOrientationPortrait UIInterfaceOrientationPortraitUpsideDown UIInterfaceOrientationLandscapeLeft UIInterfaceOrientationLandscapeRight";
				INFOPLIST_KEY_UISupportedInterfaceOrientations_iPhone = "UIInterfaceOrientationPortrait UIInterfaceOrientationLandscapeLeft UIInterfaceOrientationLandscapeRight";
				LD_RUNPATH_SEARCH_PATHS = (
					"$(inherited)",
					"@executable_path/Frameworks",
				);
				MARKETING_VERSION = 1.0;
				PRODUCT_BUNDLE_IDENTIFIER = com.example.HapticContentReader;
				PRODUCT_NAME = "$(TARGET_NAME)";
				SWIFT_EMIT_LOC_STRINGS = YES;
				SWIFT_VERSION = 5.0;
				TARGETED_DEVICE_FAMILY = "1,2";
			};
			name = Debug;
		};
		FA0010012345678900000041 /* Release */ = {
			isa = XCBuildConfiguration;
			buildSettings = {
				ASSETCATALOG_COMPILER_APPICON_NAME = AppIcon;
				ASSETCATALOG_COMPILER_GLOBAL_ACCENT_COLOR_NAME = AccentColor;
				CODE_SIGN_STYLE = Automatic;
				CURRENT_PROJECT_VERSION = 1;
				DEVELOPMENT_TEAM = RDP29X8YF2;
				GENERATE_INFOPLIST_FILE = YES;
				INFOPLIST_FILE = Info.plist;
				INFOPLIST_KEY_UIApplicationSupportsIndirectInputEvents = YES;
				INFOPLIST_KEY_UILaunchStoryboardName = LaunchScreen;
				INFOPLIST_KEY_UIMainStoryboardFile = "";
				INFOPLIST_KEY_UISupportedInterfaceOrientations_iPad = "UIInterfaceOrientationPortrait UIInterfaceOrientationPortraitUpsideDown UIInterfaceOrientationLandscapeLeft UIInterfaceOrientationLandscapeRight";
				INFOPLIST_KEY_UISupportedInterfaceOrientations_iPhone = "UIInterfaceOrientationPortrait UIInterfaceOrientationLandscapeLeft UIInterfaceOrientationLandscapeRight";
				LD_RUNPATH_SEARCH_PATHS = (
					"$(inherited)",
					"@executable_path/Frameworks",
				);
				MARKETING_VERSION = 1.0;
				PRODUCT_BUNDLE_IDENTIFIER = com.example.HapticContentReader;
				PRODUCT_NAME = "$(TARGET_NAME)";
				SWIFT_EMIT_LOC_STRINGS = YES;
				SWIFT_VERSION = 5.0;
				TARGETED_DEVICE_FAMILY = "1,2";
			};
			name = Release;
		};
/* End XCBuildConfiguration section */

/* Begin XCConfigurationList section */
		FA001001234567890000002F /* Build configuration list for PBXNativeTarget "HapticContentReader" */ = {
			isa = XCConfigurationList;
			buildConfigurations = (
				FA0010012345678900000040 /* Debug */,
				FA0010012345678900000041 /* Release */,
			);
			defaultConfigurationIsVisible = 0;
			defaultConfigurationName = Release;
		};
		FA001001234567890000003D /* Build configuration list for PBXProject "HapticContentReader" */ = {
			isa = XCConfigurationList;
			buildConfigurations = (
				FA001001234567890000003E /* Debug */,
				FA001001234567890000003F /* Release */,
			);
			defaultConfigurationIsVisible = 0;
			defaultConfigurationName = Release;
		};
/* End XCConfigurationList section */

/* Begin XCRemoteSwiftPackageReference section */
		8A679A312E04D1FF00B9CD68 /* XCRemoteSwiftPackageReference "OpenAI" */ = {
			isa = XCRemoteSwiftPackageReference;
			repositoryURL = "https://github.com/MacPaw/OpenAI";
			requirement = {
				kind = upToNextMajorVersion;
				minimumVersion = 0.2.4;
			};
		};
		8A679A342E04EAF100B9CD68 /* XCRemoteSwiftPackageReference "Alamofire" */ = {
			isa = XCRemoteSwiftPackageReference;
			repositoryURL = "https://github.com/Alamofire/Alamofire";
			requirement = {
				kind = upToNextMajorVersion;
				minimumVersion = 5.8.1;
			};
		};
		8A9177ED2E216B8F0052174B /* XCRemoteSwiftPackageReference "OpenAISwift" */ = {
			isa = XCRemoteSwiftPackageReference;
			repositoryURL = "https://github.com/adamrushy/OpenAISwift";
			requirement = {
				kind = upToNextMajorVersion;
				minimumVersion = 1.4.1;
			};
		};
/* End XCRemoteSwiftPackageReference section */

/* Begin XCSwiftPackageProductDependency section */
		8A679A322E04D1FF00B9CD68 /* OpenAISwift */ = {
			isa = XCSwiftPackageProductDependency;
			package = 8A679A312E04D1FF00B9CD68 /* XCRemoteSwiftPackageReference "OpenAI" */;
			productName = OpenAISwift;
		};
		8A679A352E04EAF100B9CD68 /* Alamofire */ = {
			isa = XCSwiftPackageProductDependency;
			package = 8A679A342E04EAF100B9CD68 /* XCRemoteSwiftPackageReference "Alamofire" */;
			productName = Alamofire;
		};
		8A679A392E04F09F00B9CD68 /* Alamofire */ = {
			isa = XCSwiftPackageProductDependency;
			package = 8A679A342E04EAF100B9CD68 /* XCRemoteSwiftPackageReference "Alamofire" */;
			productName = Alamofire;
		};
		8A9177EE2E216B8F0052174B /* OpenAISwift */ = {
			isa = XCSwiftPackageProductDependency;
			package = 8A9177ED2E216B8F0052174B /* XCRemoteSwiftPackageReference "OpenAISwift" */;
			productName = OpenAISwift;
		};
/* End XCSwiftPackageProductDependency section */
	};
	rootObject = FA001001234567890000003C /* Project object */;
}
